
Microsoft Visual Studio Solution File, Format Version 12.00
# Visual Studio 15
VisualStudioVersion = 15.0.26430.15
MinimumVisualStudioVersion = 10.0.40219.1
Project("{9A19103F-16F7-4668-BE54-9A1E7A4F7556}") = "XamStorage", "XamStorage\XamStorage.csproj", "{71434E5A-57CE-4022-BA46-93CB7186F976}"
EndProject
Project("{9A19103F-16F7-4668-BE54-9A1E7A4F7556}") = "XamStorage.Abstractions", "XamStorage.Abstractions\XamStorage.Abstractions.csproj", "{0072B3E0-50AE-4E29-882A-8D9A48682609}"
EndProject
Project("{FAE04EC0-301F-11D3-BF4B-00C04F79EFBC}") = "XamStorage.UWP", "XamStorage.UWP\XamStorage.UWP.csproj", "{D3712154-00F7-4340-8013-EBC5C94E5A51}"
EndProject
Project("{FAE04EC0-301F-11D3-BF4B-00C04F79EFBC}") = "XamStorage.Android", "XamStorage.Android\XamStorage.Android.csproj", "{007BD0DE-40E9-4CEF-BB72-F7E0126A91F9}"
EndProject
Project("{FAE04EC0-301F-11D3-BF4B-00C04F79EFBC}") = "XamStorage.iOS", "XamStorage.iOS\XamStorage.iOS.csproj", "{7134F5CB-239A-45AF-9EFB-30AD504A71C5}"
EndProject
Project("{2150E333-8FDC-42A3-9474-1A3956D46DE8}") = "Nuget", "Nuget", "{51DFA383-AF45-47D0-AF68-20FD51535886}"
	ProjectSection(SolutionItems) = preProject
		XamStorage.nuspec = XamStorage.nuspec
	EndProjectSection
EndProject
Project("{2150E333-8FDC-42A3-9474-1A3956D46DE8}") = "Samples", "Samples", "{50192A83-6FA5-433C-A5CF-092E8965A37B}"
EndProject
Project("{FAE04EC0-301F-11D3-BF4B-00C04F79EFBC}") = "XamFileStorageSample", "XamFileStorageSample\XamFileStorageSample\XamFileStorageSample.csproj", "{EDF430DF-5474-4EB4-A686-EBF128F335CC}"
EndProject
Project("{FAE04EC0-301F-11D3-BF4B-00C04F79EFBC}") = "XamFileStorageSample.Android", "XamFileStorageSample\XamFileStorageSample.Android\XamFileStorageSample.Android.csproj", "{50903DEB-672A-4FC0-A0A9-FDAA9C82691E}"
EndProject
Project("{FAE04EC0-301F-11D3-BF4B-00C04F79EFBC}") = "XamFileStorageSample.iOS", "XamFileStorageSample\XamFileStorageSample.iOS\XamFileStorageSample.iOS.csproj", "{322B6719-BC1E-4070-9C0B-434E4E3E941E}"
EndProject
Project("{FAE04EC0-301F-11D3-BF4B-00C04F79EFBC}") = "XamFileStorageSample.UWP", "XamFileStorageSample\XamFileStorageSample.UWP\XamFileStorageSample.UWP.csproj", "{6F8A5799-2E9B-4BEE-95F7-43ED66684D91}"
EndProject
Global
	GlobalSection(SolutionConfigurationPlatforms) = preSolution
		Debug|Any CPU = Debug|Any CPU
		Debug|ARM = Debug|ARM
		Debug|iPhone = Debug|iPhone
		Debug|iPhoneSimulator = Debug|iPhoneSimulator
		Debug|x64 = Debug|x64
		Debug|x86 = Debug|x86
		Release|Any CPU = Release|Any CPU
		Release|ARM = Release|ARM
		Release|iPhone = Release|iPhone
		Release|iPhoneSimulator = Release|iPhoneSimulator
		Release|x64 = Release|x64
		Release|x86 = Release|x86
	EndGlobalSection
	GlobalSection(ProjectConfigurationPlatforms) = postSolution
		{71434E5A-57CE-4022-BA46-93CB7186F976}.Debug|Any CPU.ActiveCfg = Debug|Any CPU
		{71434E5A-57CE-4022-BA46-93CB7186F976}.Debug|Any CPU.Build.0 = Debug|Any CPU
		{71434E5A-57CE-4022-BA46-93CB7186F976}.Debug|ARM.ActiveCfg = Debug|Any CPU
		{71434E5A-57CE-4022-BA46-93CB7186F976}.Debug|ARM.Build.0 = Debug|Any CPU
		{71434E5A-57CE-4022-BA46-93CB7186F976}.Debug|iPhone.ActiveCfg = Debug|Any CPU
		{71434E5A-57CE-4022-BA46-93CB7186F976}.Debug|iPhone.Build.0 = Debug|Any CPU
		{71434E5A-57CE-4022-BA46-93CB7186F976}.Debug|iPhoneSimulator.ActiveCfg = Debug|Any CPU
		{71434E5A-57CE-4022-BA46-93CB7186F976}.Debug|iPhoneSimulator.Build.0 = Debug|Any CPU
		{71434E5A-57CE-4022-BA46-93CB7186F976}.Debug|x64.ActiveCfg = Debug|Any CPU
		{71434E5A-57CE-4022-BA46-93CB7186F976}.Debug|x64.Build.0 = Debug|Any CPU
		{71434E5A-57CE-4022-BA46-93CB7186F976}.Debug|x86.ActiveCfg = Debug|Any CPU
		{71434E5A-57CE-4022-BA46-93CB7186F976}.Debug|x86.Build.0 = Debug|Any CPU
		{71434E5A-57CE-4022-BA46-93CB7186F976}.Release|Any CPU.ActiveCfg = Release|Any CPU
		{71434E5A-57CE-4022-BA46-93CB7186F976}.Release|Any CPU.Build.0 = Release|Any CPU
		{71434E5A-57CE-4022-BA46-93CB7186F976}.Release|ARM.ActiveCfg = Release|Any CPU
		{71434E5A-57CE-4022-BA46-93CB7186F976}.Release|ARM.Build.0 = Release|Any CPU
		{71434E5A-57CE-4022-BA46-93CB7186F976}.Release|iPhone.ActiveCfg = Release|Any CPU
		{71434E5A-57CE-4022-BA46-93CB7186F976}.Release|iPhone.Build.0 = Release|Any CPU
		{71434E5A-57CE-4022-BA46-93CB7186F976}.Release|iPhoneSimulator.ActiveCfg = Release|Any CPU
		{71434E5A-57CE-4022-BA46-93CB7186F976}.Release|iPhoneSimulator.Build.0 = Release|Any CPU
		{71434E5A-57CE-4022-BA46-93CB7186F976}.Release|x64.ActiveCfg = Release|Any CPU
		{71434E5A-57CE-4022-BA46-93CB7186F976}.Release|x64.Build.0 = Release|Any CPU
		{71434E5A-57CE-4022-BA46-93CB7186F976}.Release|x86.ActiveCfg = Release|Any CPU
		{71434E5A-57CE-4022-BA46-93CB7186F976}.Release|x86.Build.0 = Release|Any CPU
		{0072B3E0-50AE-4E29-882A-8D9A48682609}.Debug|Any CPU.ActiveCfg = Debug|Any CPU
		{0072B3E0-50AE-4E29-882A-8D9A48682609}.Debug|Any CPU.Build.0 = Debug|Any CPU
		{0072B3E0-50AE-4E29-882A-8D9A48682609}.Debug|ARM.ActiveCfg = Debug|Any CPU
		{0072B3E0-50AE-4E29-882A-8D9A48682609}.Debug|ARM.Build.0 = Debug|Any CPU
		{0072B3E0-50AE-4E29-882A-8D9A48682609}.Debug|iPhone.ActiveCfg = Debug|Any CPU
		{0072B3E0-50AE-4E29-882A-8D9A48682609}.Debug|iPhone.Build.0 = Debug|Any CPU
		{0072B3E0-50AE-4E29-882A-8D9A48682609}.Debug|iPhoneSimulator.ActiveCfg = Debug|Any CPU
		{0072B3E0-50AE-4E29-882A-8D9A48682609}.Debug|iPhoneSimulator.Build.0 = Debug|Any CPU
		{0072B3E0-50AE-4E29-882A-8D9A48682609}.Debug|x64.ActiveCfg = Debug|Any CPU
		{0072B3E0-50AE-4E29-882A-8D9A48682609}.Debug|x64.Build.0 = Debug|Any CPU
		{0072B3E0-50AE-4E29-882A-8D9A48682609}.Debug|x86.ActiveCfg = Debug|Any CPU
		{0072B3E0-50AE-4E29-882A-8D9A48682609}.Debug|x86.Build.0 = Debug|Any CPU
		{0072B3E0-50AE-4E29-882A-8D9A48682609}.Release|Any CPU.ActiveCfg = Release|Any CPU
		{0072B3E0-50AE-4E29-882A-8D9A48682609}.Release|Any CPU.Build.0 = Release|Any CPU
		{0072B3E0-50AE-4E29-882A-8D9A48682609}.Release|ARM.ActiveCfg = Release|Any CPU
		{0072B3E0-50AE-4E29-882A-8D9A48682609}.Release|ARM.Build.0 = Release|Any CPU
		{0072B3E0-50AE-4E29-882A-8D9A48682609}.Release|iPhone.ActiveCfg = Release|Any CPU
		{0072B3E0-50AE-4E29-882A-8D9A48682609}.Release|iPhone.Build.0 = Release|Any CPU
		{0072B3E0-50AE-4E29-882A-8D9A48682609}.Release|iPhoneSimulator.ActiveCfg = Release|Any CPU
		{0072B3E0-50AE-4E29-882A-8D9A48682609}.Release|iPhoneSimulator.Build.0 = Release|Any CPU
		{0072B3E0-50AE-4E29-882A-8D9A48682609}.Release|x64.ActiveCfg = Release|Any CPU
		{0072B3E0-50AE-4E29-882A-8D9A48682609}.Release|x64.Build.0 = Release|Any CPU
		{0072B3E0-50AE-4E29-882A-8D9A48682609}.Release|x86.ActiveCfg = Release|Any CPU
		{0072B3E0-50AE-4E29-882A-8D9A48682609}.Release|x86.Build.0 = Release|Any CPU
		{D3712154-00F7-4340-8013-EBC5C94E5A51}.Debug|Any CPU.ActiveCfg = Debug|Any CPU
		{D3712154-00F7-4340-8013-EBC5C94E5A51}.Debug|Any CPU.Build.0 = Debug|Any CPU
		{D3712154-00F7-4340-8013-EBC5C94E5A51}.Debug|ARM.ActiveCfg = Debug|ARM
		{D3712154-00F7-4340-8013-EBC5C94E5A51}.Debug|ARM.Build.0 = Debug|ARM
		{D3712154-00F7-4340-8013-EBC5C94E5A51}.Debug|iPhone.ActiveCfg = Debug|Any CPU
		{D3712154-00F7-4340-8013-EBC5C94E5A51}.Debug|iPhone.Build.0 = Debug|Any CPU
		{D3712154-00F7-4340-8013-EBC5C94E5A51}.Debug|iPhoneSimulator.ActiveCfg = Debug|Any CPU
		{D3712154-00F7-4340-8013-EBC5C94E5A51}.Debug|iPhoneSimulator.Build.0 = Debug|Any CPU
		{D3712154-00F7-4340-8013-EBC5C94E5A51}.Debug|x64.ActiveCfg = Debug|x64
		{D3712154-00F7-4340-8013-EBC5C94E5A51}.Debug|x64.Build.0 = Debug|x64
		{D3712154-00F7-4340-8013-EBC5C94E5A51}.Debug|x86.ActiveCfg = Debug|x86
		{D3712154-00F7-4340-8013-EBC5C94E5A51}.Debug|x86.Build.0 = Debug|x86
		{D3712154-00F7-4340-8013-EBC5C94E5A51}.Release|Any CPU.ActiveCfg = Release|Any CPU
		{D3712154-00F7-4340-8013-EBC5C94E5A51}.Release|Any CPU.Build.0 = Release|Any CPU
		{D3712154-00F7-4340-8013-EBC5C94E5A51}.Release|ARM.ActiveCfg = Release|ARM
		{D3712154-00F7-4340-8013-EBC5C94E5A51}.Release|ARM.Build.0 = Release|ARM
		{D3712154-00F7-4340-8013-EBC5C94E5A51}.Release|iPhone.ActiveCfg = Release|Any CPU
		{D3712154-00F7-4340-8013-EBC5C94E5A51}.Release|iPhone.Build.0 = Release|Any CPU
		{D3712154-00F7-4340-8013-EBC5C94E5A51}.Release|iPhoneSimulator.ActiveCfg = Release|Any CPU
		{D3712154-00F7-4340-8013-EBC5C94E5A51}.Release|iPhoneSimulator.Build.0 = Release|Any CPU
		{D3712154-00F7-4340-8013-EBC5C94E5A51}.Release|x64.ActiveCfg = Release|x64
		{D3712154-00F7-4340-8013-EBC5C94E5A51}.Release|x64.Build.0 = Release|x64
		{D3712154-00F7-4340-8013-EBC5C94E5A51}.Release|x86.ActiveCfg = Release|x86
		{D3712154-00F7-4340-8013-EBC5C94E5A51}.Release|x86.Build.0 = Release|x86
		{007BD0DE-40E9-4CEF-BB72-F7E0126A91F9}.Debug|Any CPU.ActiveCfg = Debug|Any CPU
		{007BD0DE-40E9-4CEF-BB72-F7E0126A91F9}.Debug|Any CPU.Build.0 = Debug|Any CPU
		{007BD0DE-40E9-4CEF-BB72-F7E0126A91F9}.Debug|ARM.ActiveCfg = Debug|Any CPU
		{007BD0DE-40E9-4CEF-BB72-F7E0126A91F9}.Debug|ARM.Build.0 = Debug|Any CPU
		{007BD0DE-40E9-4CEF-BB72-F7E0126A91F9}.Debug|iPhone.ActiveCfg = Debug|Any CPU
		{007BD0DE-40E9-4CEF-BB72-F7E0126A91F9}.Debug|iPhone.Build.0 = Debug|Any CPU
		{007BD0DE-40E9-4CEF-BB72-F7E0126A91F9}.Debug|iPhoneSimulator.ActiveCfg = Debug|Any CPU
		{007BD0DE-40E9-4CEF-BB72-F7E0126A91F9}.Debug|iPhoneSimulator.Build.0 = Debug|Any CPU
		{007BD0DE-40E9-4CEF-BB72-F7E0126A91F9}.Debug|x64.ActiveCfg = Debug|Any CPU
		{007BD0DE-40E9-4CEF-BB72-F7E0126A91F9}.Debug|x64.Build.0 = Debug|Any CPU
		{007BD0DE-40E9-4CEF-BB72-F7E0126A91F9}.Debug|x86.ActiveCfg = Debug|Any CPU
		{007BD0DE-40E9-4CEF-BB72-F7E0126A91F9}.Debug|x86.Build.0 = Debug|Any CPU
		{007BD0DE-40E9-4CEF-BB72-F7E0126A91F9}.Release|Any CPU.ActiveCfg = Release|Any CPU
		{007BD0DE-40E9-4CEF-BB72-F7E0126A91F9}.Release|Any CPU.Build.0 = Release|Any CPU
		{007BD0DE-40E9-4CEF-BB72-F7E0126A91F9}.Release|ARM.ActiveCfg = Release|Any CPU
		{007BD0DE-40E9-4CEF-BB72-F7E0126A91F9}.Release|ARM.Build.0 = Release|Any CPU
		{007BD0DE-40E9-4CEF-BB72-F7E0126A91F9}.Release|iPhone.ActiveCfg = Release|Any CPU
		{007BD0DE-40E9-4CEF-BB72-F7E0126A91F9}.Release|iPhone.Build.0 = Release|Any CPU
		{007BD0DE-40E9-4CEF-BB72-F7E0126A91F9}.Release|iPhoneSimulator.ActiveCfg = Release|Any CPU
		{007BD0DE-40E9-4CEF-BB72-F7E0126A91F9}.Release|iPhoneSimulator.Build.0 = Release|Any CPU
		{007BD0DE-40E9-4CEF-BB72-F7E0126A91F9}.Release|x64.ActiveCfg = Release|Any CPU
		{007BD0DE-40E9-4CEF-BB72-F7E0126A91F9}.Release|x64.Build.0 = Release|Any CPU
		{007BD0DE-40E9-4CEF-BB72-F7E0126A91F9}.Release|x86.ActiveCfg = Release|Any CPU
		{007BD0DE-40E9-4CEF-BB72-F7E0126A91F9}.Release|x86.Build.0 = Release|Any CPU
		{7134F5CB-239A-45AF-9EFB-30AD504A71C5}.Debug|Any CPU.ActiveCfg = Debug|Any CPU
		{7134F5CB-239A-45AF-9EFB-30AD504A71C5}.Debug|Any CPU.Build.0 = Debug|Any CPU
		{7134F5CB-239A-45AF-9EFB-30AD504A71C5}.Debug|ARM.ActiveCfg = Debug|Any CPU
		{7134F5CB-239A-45AF-9EFB-30AD504A71C5}.Debug|ARM.Build.0 = Debug|Any CPU
		{7134F5CB-239A-45AF-9EFB-30AD504A71C5}.Debug|iPhone.ActiveCfg = Debug|Any CPU
		{7134F5CB-239A-45AF-9EFB-30AD504A71C5}.Debug|iPhone.Build.0 = Debug|Any CPU
		{7134F5CB-239A-45AF-9EFB-30AD504A71C5}.Debug|iPhoneSimulator.ActiveCfg = Debug|Any CPU
		{7134F5CB-239A-45AF-9EFB-30AD504A71C5}.Debug|iPhoneSimulator.Build.0 = Debug|Any CPU
		{7134F5CB-239A-45AF-9EFB-30AD504A71C5}.Debug|x64.ActiveCfg = Debug|Any CPU
		{7134F5CB-239A-45AF-9EFB-30AD504A71C5}.Debug|x64.Build.0 = Debug|Any CPU
		{7134F5CB-239A-45AF-9EFB-30AD504A71C5}.Debug|x86.ActiveCfg = Debug|Any CPU
		{7134F5CB-239A-45AF-9EFB-30AD504A71C5}.Debug|x86.Build.0 = Debug|Any CPU
		{7134F5CB-239A-45AF-9EFB-30AD504A71C5}.Release|Any CPU.ActiveCfg = Release|Any CPU
		{7134F5CB-239A-45AF-9EFB-30AD504A71C5}.Release|Any CPU.Build.0 = Release|Any CPU
		{7134F5CB-239A-45AF-9EFB-30AD504A71C5}.Release|ARM.ActiveCfg = Release|Any CPU
		{7134F5CB-239A-45AF-9EFB-30AD504A71C5}.Release|ARM.Build.0 = Release|Any CPU
		{7134F5CB-239A-45AF-9EFB-30AD504A71C5}.Release|iPhone.ActiveCfg = Release|Any CPU
		{7134F5CB-239A-45AF-9EFB-30AD504A71C5}.Release|iPhone.Build.0 = Release|Any CPU
		{7134F5CB-239A-45AF-9EFB-30AD504A71C5}.Release|iPhoneSimulator.ActiveCfg = Release|Any CPU
		{7134F5CB-239A-45AF-9EFB-30AD504A71C5}.Release|iPhoneSimulator.Build.0 = Release|Any CPU
		{7134F5CB-239A-45AF-9EFB-30AD504A71C5}.Release|x64.ActiveCfg = Release|Any CPU
		{7134F5CB-239A-45AF-9EFB-30AD504A71C5}.Release|x64.Build.0 = Release|Any CPU
		{7134F5CB-239A-45AF-9EFB-30AD504A71C5}.Release|x86.ActiveCfg = Release|Any CPU
		{7134F5CB-239A-45AF-9EFB-30AD504A71C5}.Release|x86.Build.0 = Release|Any CPU
		{EDF430DF-5474-4EB4-A686-EBF128F335CC}.Debug|Any CPU.ActiveCfg = Debug|Any CPU
		{EDF430DF-5474-4EB4-A686-EBF128F335CC}.Debug|Any CPU.Build.0 = Debug|Any CPU
		{EDF430DF-5474-4EB4-A686-EBF128F335CC}.Debug|ARM.ActiveCfg = Debug|Any CPU
		{EDF430DF-5474-4EB4-A686-EBF128F335CC}.Debug|ARM.Build.0 = Debug|Any CPU
		{EDF430DF-5474-4EB4-A686-EBF128F335CC}.Debug|iPhone.ActiveCfg = Debug|Any CPU
		{EDF430DF-5474-4EB4-A686-EBF128F335CC}.Debug|iPhone.Build.0 = Debug|Any CPU
		{EDF430DF-5474-4EB4-A686-EBF128F335CC}.Debug|iPhoneSimulator.ActiveCfg = Debug|Any CPU
		{EDF430DF-5474-4EB4-A686-EBF128F335CC}.Debug|iPhoneSimulator.Build.0 = Debug|Any CPU
		{EDF430DF-5474-4EB4-A686-EBF128F335CC}.Debug|x64.ActiveCfg = Debug|Any CPU
		{EDF430DF-5474-4EB4-A686-EBF128F335CC}.Debug|x64.Build.0 = Debug|Any CPU
		{EDF430DF-5474-4EB4-A686-EBF128F335CC}.Debug|x86.ActiveCfg = Debug|Any CPU
		{EDF430DF-5474-4EB4-A686-EBF128F335CC}.Debug|x86.Build.0 = Debug|Any CPU
		{EDF430DF-5474-4EB4-A686-EBF128F335CC}.Release|Any CPU.ActiveCfg = Release|Any CPU
		{EDF430DF-5474-4EB4-A686-EBF128F335CC}.Release|Any CPU.Build.0 = Release|Any CPU
		{EDF430DF-5474-4EB4-A686-EBF128F335CC}.Release|ARM.ActiveCfg = Release|Any CPU
		{EDF430DF-5474-4EB4-A686-EBF128F335CC}.Release|ARM.Build.0 = Release|Any CPU
		{EDF430DF-5474-4EB4-A686-EBF128F335CC}.Release|iPhone.ActiveCfg = Release|Any CPU
		{EDF430DF-5474-4EB4-A686-EBF128F335CC}.Release|iPhone.Build.0 = Release|Any CPU
		{EDF430DF-5474-4EB4-A686-EBF128F335CC}.Release|iPhoneSimulator.ActiveCfg = Release|Any CPU
		{EDF430DF-5474-4EB4-A686-EBF128F335CC}.Release|iPhoneSimulator.Build.0 = Release|Any CPU
		{EDF430DF-5474-4EB4-A686-EBF128F335CC}.Release|x64.ActiveCfg = Release|Any CPU
		{EDF430DF-5474-4EB4-A686-EBF128F335CC}.Release|x64.Build.0 = Release|Any CPU
		{EDF430DF-5474-4EB4-A686-EBF128F335CC}.Release|x86.ActiveCfg = Release|Any CPU
		{EDF430DF-5474-4EB4-A686-EBF128F335CC}.Release|x86.Build.0 = Release|Any CPU
		{50903DEB-672A-4FC0-A0A9-FDAA9C82691E}.Debug|Any CPU.ActiveCfg = Debug|Any CPU
		{50903DEB-672A-4FC0-A0A9-FDAA9C82691E}.Debug|Any CPU.Build.0 = Debug|Any CPU
		{50903DEB-672A-4FC0-A0A9-FDAA9C82691E}.Debug|Any CPU.Deploy.0 = Debug|Any CPU
		{50903DEB-672A-4FC0-A0A9-FDAA9C82691E}.Debug|ARM.ActiveCfg = Debug|Any CPU
		{50903DEB-672A-4FC0-A0A9-FDAA9C82691E}.Debug|ARM.Build.0 = Debug|Any CPU
		{50903DEB-672A-4FC0-A0A9-FDAA9C82691E}.Debug|ARM.Deploy.0 = Debug|Any CPU
		{50903DEB-672A-4FC0-A0A9-FDAA9C82691E}.Debug|iPhone.ActiveCfg = Debug|Any CPU
		{50903DEB-672A-4FC0-A0A9-FDAA9C82691E}.Debug|iPhone.Build.0 = Debug|Any CPU
		{50903DEB-672A-4FC0-A0A9-FDAA9C82691E}.Debug|iPhone.Deploy.0 = Debug|Any CPU
		{50903DEB-672A-4FC0-A0A9-FDAA9C82691E}.Debug|iPhoneSimulator.ActiveCfg = Debug|Any CPU
		{50903DEB-672A-4FC0-A0A9-FDAA9C82691E}.Debug|iPhoneSimulator.Build.0 = Debug|Any CPU
		{50903DEB-672A-4FC0-A0A9-FDAA9C82691E}.Debug|iPhoneSimulator.Deploy.0 = Debug|Any CPU
		{50903DEB-672A-4FC0-A0A9-FDAA9C82691E}.Debug|x64.ActiveCfg = Debug|Any CPU
		{50903DEB-672A-4FC0-A0A9-FDAA9C82691E}.Debug|x64.Build.0 = Debug|Any CPU
		{50903DEB-672A-4FC0-A0A9-FDAA9C82691E}.Debug|x64.Deploy.0 = Debug|Any CPU
		{50903DEB-672A-4FC0-A0A9-FDAA9C82691E}.Debug|x86.ActiveCfg = Debug|Any CPU
		{50903DEB-672A-4FC0-A0A9-FDAA9C82691E}.Debug|x86.Build.0 = Debug|Any CPU
		{50903DEB-672A-4FC0-A0A9-FDAA9C82691E}.Debug|x86.Deploy.0 = Debug|Any CPU
		{50903DEB-672A-4FC0-A0A9-FDAA9C82691E}.Release|Any CPU.ActiveCfg = Release|Any CPU
		{50903DEB-672A-4FC0-A0A9-FDAA9C82691E}.Release|Any CPU.Build.0 = Release|Any CPU
		{50903DEB-672A-4FC0-A0A9-FDAA9C82691E}.Release|Any CPU.Deploy.0 = Release|Any CPU
		{50903DEB-672A-4FC0-A0A9-FDAA9C82691E}.Release|ARM.ActiveCfg = Release|Any CPU
		{50903DEB-672A-4FC0-A0A9-FDAA9C82691E}.Release|ARM.Build.0 = Release|Any CPU
		{50903DEB-672A-4FC0-A0A9-FDAA9C82691E}.Release|ARM.Deploy.0 = Release|Any CPU
		{50903DEB-672A-4FC0-A0A9-FDAA9C82691E}.Release|iPhone.ActiveCfg = Release|Any CPU
		{50903DEB-672A-4FC0-A0A9-FDAA9C82691E}.Release|iPhone.Build.0 = Release|Any CPU
		{50903DEB-672A-4FC0-A0A9-FDAA9C82691E}.Release|iPhone.Deploy.0 = Release|Any CPU
		{50903DEB-672A-4FC0-A0A9-FDAA9C82691E}.Release|iPhoneSimulator.ActiveCfg = Release|Any CPU
		{50903DEB-672A-4FC0-A0A9-FDAA9C82691E}.Release|iPhoneSimulator.Build.0 = Release|Any CPU
		{50903DEB-672A-4FC0-A0A9-FDAA9C82691E}.Release|iPhoneSimulator.Deploy.0 = Release|Any CPU
		{50903DEB-672A-4FC0-A0A9-FDAA9C82691E}.Release|x64.ActiveCfg = Release|Any CPU
		{50903DEB-672A-4FC0-A0A9-FDAA9C82691E}.Release|x64.Build.0 = Release|Any CPU
		{50903DEB-672A-4FC0-A0A9-FDAA9C82691E}.Release|x64.Deploy.0 = Release|Any CPU
		{50903DEB-672A-4FC0-A0A9-FDAA9C82691E}.Release|x86.ActiveCfg = Release|Any CPU
		{50903DEB-672A-4FC0-A0A9-FDAA9C82691E}.Release|x86.Build.0 = Release|Any CPU
		{50903DEB-672A-4FC0-A0A9-FDAA9C82691E}.Release|x86.Deploy.0 = Release|Any CPU
		{322B6719-BC1E-4070-9C0B-434E4E3E941E}.Debug|Any CPU.ActiveCfg = Debug|iPhone
		{322B6719-BC1E-4070-9C0B-434E4E3E941E}.Debug|ARM.ActiveCfg = Debug|iPhone
		{322B6719-BC1E-4070-9C0B-434E4E3E941E}.Debug|iPhone.ActiveCfg = Debug|iPhone
		{322B6719-BC1E-4070-9C0B-434E4E3E941E}.Debug|iPhone.Build.0 = Debug|iPhone
		{322B6719-BC1E-4070-9C0B-434E4E3E941E}.Debug|iPhoneSimulator.ActiveCfg = Debug|iPhoneSimulator
		{322B6719-BC1E-4070-9C0B-434E4E3E941E}.Debug|iPhoneSimulator.Build.0 = Debug|iPhoneSimulator
		{322B6719-BC1E-4070-9C0B-434E4E3E941E}.Debug|x64.ActiveCfg = Debug|iPhone
		{322B6719-BC1E-4070-9C0B-434E4E3E941E}.Debug|x86.ActiveCfg = Debug|iPhone
		{322B6719-BC1E-4070-9C0B-434E4E3E941E}.Release|Any CPU.ActiveCfg = Release|iPhone
		{322B6719-BC1E-4070-9C0B-434E4E3E941E}.Release|ARM.ActiveCfg = Release|iPhone
		{322B6719-BC1E-4070-9C0B-434E4E3E941E}.Release|iPhone.ActiveCfg = Release|iPhone
		{322B6719-BC1E-4070-9C0B-434E4E3E941E}.Release|iPhone.Build.0 = Release|iPhone
		{322B6719-BC1E-4070-9C0B-434E4E3E941E}.Release|iPhoneSimulator.ActiveCfg = Release|iPhoneSimulator
		{322B6719-BC1E-4070-9C0B-434E4E3E941E}.Release|iPhoneSimulator.Build.0 = Release|iPhoneSimulator
		{322B6719-BC1E-4070-9C0B-434E4E3E941E}.Release|x64.ActiveCfg = Release|iPhone
		{322B6719-BC1E-4070-9C0B-434E4E3E941E}.Release|x86.ActiveCfg = Release|iPhone
		{6F8A5799-2E9B-4BEE-95F7-43ED66684D91}.Debug|Any CPU.ActiveCfg = Debug|x86
		{6F8A5799-2E9B-4BEE-95F7-43ED66684D91}.Debug|ARM.ActiveCfg = Debug|ARM
		{6F8A5799-2E9B-4BEE-95F7-43ED66684D91}.Debug|ARM.Build.0 = Debug|ARM
		{6F8A5799-2E9B-4BEE-95F7-43ED66684D91}.Debug|ARM.Deploy.0 = Debug|ARM
		{6F8A5799-2E9B-4BEE-95F7-43ED66684D91}.Debug|iPhone.ActiveCfg = Debug|x86
		{6F8A5799-2E9B-4BEE-95F7-43ED66684D91}.Debug|iPhoneSimulator.ActiveCfg = Debug|x86
		{6F8A5799-2E9B-4BEE-95F7-43ED66684D91}.Debug|x64.ActiveCfg = Debug|x64
		{6F8A5799-2E9B-4BEE-95F7-43ED66684D91}.Debug|x64.Build.0 = Debug|x64
		{6F8A5799-2E9B-4BEE-95F7-43ED66684D91}.Debug|x64.Deploy.0 = Debug|x64
		{6F8A5799-2E9B-4BEE-95F7-43ED66684D91}.Debug|x86.ActiveCfg = Debug|x86
		{6F8A5799-2E9B-4BEE-95F7-43ED66684D91}.Debug|x86.Build.0 = Debug|x86
		{6F8A5799-2E9B-4BEE-95F7-43ED66684D91}.Debug|x86.Deploy.0 = Debug|x86
		{6F8A5799-2E9B-4BEE-95F7-43ED66684D91}.Release|Any CPU.ActiveCfg = Release|x86
		{6F8A5799-2E9B-4BEE-95F7-43ED66684D91}.Release|ARM.ActiveCfg = Release|ARM
		{6F8A5799-2E9B-4BEE-95F7-43ED66684D91}.Release|ARM.Build.0 = Release|ARM
		{6F8A5799-2E9B-4BEE-95F7-43ED66684D91}.Release|ARM.Deploy.0 = Release|ARM
		{6F8A5799-2E9B-4BEE-95F7-43ED66684D91}.Release|iPhone.ActiveCfg = Release|x86
		{6F8A5799-2E9B-4BEE-95F7-43ED66684D91}.Release|iPhoneSimulator.ActiveCfg = Release|x86
		{6F8A5799-2E9B-4BEE-95F7-43ED66684D91}.Release|x64.ActiveCfg = Release|x64
		{6F8A5799-2E9B-4BEE-95F7-43ED66684D91}.Release|x64.Build.0 = Release|x64
		{6F8A5799-2E9B-4BEE-95F7-43ED66684D91}.Release|x64.Deploy.0 = Release|x64
		{6F8A5799-2E9B-4BEE-95F7-43ED66684D91}.Release|x86.ActiveCfg = Release|x86
		{6F8A5799-2E9B-4BEE-95F7-43ED66684D91}.Release|x86.Build.0 = Release|x86
		{6F8A5799-2E9B-4BEE-95F7-43ED66684D91}.Release|x86.Deploy.0 = Release|x86
	EndGlobalSection
	GlobalSection(SolutionProperties) = preSolution
		HideSolutionNode = FALSE
	EndGlobalSection
	GlobalSection(NestedProjects) = preSolution
		{EDF430DF-5474-4EB4-A686-EBF128F335CC} = {50192A83-6FA5-433C-A5CF-092E8965A37B}
		{50903DEB-672A-4FC0-A0A9-FDAA9C82691E} = {50192A83-6FA5-433C-A5CF-092E8965A37B}
		{322B6719-BC1E-4070-9C0B-434E4E3E941E} = {50192A83-6FA5-433C-A5CF-092E8965A37B}
		{6F8A5799-2E9B-4BEE-95F7-43ED66684D91} = {50192A83-6FA5-433C-A5CF-092E8965A37B}
	EndGlobalSection
EndGlobal
